// !$*UTF8*$!
{
	archiveVersion = 1;
	classes = {
	};
	objectVersion = 51;
	objects = {

/* Begin PBXBuildFile section */
		1DD1F91DD10378B248DB31D1 /* Pods_Uncrowdify.framework in Frameworks */ = {isa = PBXBuildFile; fileRef = B77303F3E08C2882785FF16C /* Pods_Uncrowdify.framework */; };
		DB38161F243157F600ACF165 /* Podfile in Resources */ = {isa = PBXBuildFile; fileRef = DB38161E243157F600ACF165 /* Podfile */; };
		DB38162124315F1C00ACF165 /* Store.swift in Sources */ = {isa = PBXBuildFile; fileRef = DB38162024315F1C00ACF165 /* Store.swift */; };
		DB38162324319A5400ACF165 /* GoogleService-Info.plist in Resources */ = {isa = PBXBuildFile; fileRef = DB38162224319A5300ACF165 /* GoogleService-Info.plist */; };
		DB3816252431A95500ACF165 /* Extensions.swift in Sources */ = {isa = PBXBuildFile; fileRef = DB3816242431A95500ACF165 /* Extensions.swift */; };
		DBE1BA882430673C0015ED62 /* AppDelegate.swift in Sources */ = {isa = PBXBuildFile; fileRef = DBE1BA872430673C0015ED62 /* AppDelegate.swift */; };
		DBE1BA8A2430673C0015ED62 /* SceneDelegate.swift in Sources */ = {isa = PBXBuildFile; fileRef = DBE1BA892430673C0015ED62 /* SceneDelegate.swift */; };
		DBE1BA912430673C0015ED62 /* Main.storyboard in Resources */ = {isa = PBXBuildFile; fileRef = DBE1BA8F2430673C0015ED62 /* Main.storyboard */; };
		DBE1BA93243067450015ED62 /* Assets.xcassets in Resources */ = {isa = PBXBuildFile; fileRef = DBE1BA92243067450015ED62 /* Assets.xcassets */; };
		DBE1BA96243067450015ED62 /* LaunchScreen.storyboard in Resources */ = {isa = PBXBuildFile; fileRef = DBE1BA94243067450015ED62 /* LaunchScreen.storyboard */; };
		DBE1BA9E2431526F0015ED62 /* StoresViewController.swift in Sources */ = {isa = PBXBuildFile; fileRef = DBE1BA9D2431526F0015ED62 /* StoresViewController.swift */; };
/* End PBXBuildFile section */

/* Begin PBXFileReference section */
		685F46114A8A5C89F66CB21F /* Pods-Uncrowdify.release.xcconfig */ = {isa = PBXFileReference; includeInIndex = 1; lastKnownFileType = text.xcconfig; name = "Pods-Uncrowdify.release.xcconfig"; path = "Target Support Files/Pods-Uncrowdify/Pods-Uncrowdify.release.xcconfig"; sourceTree = "<group>"; };
		B77303F3E08C2882785FF16C /* Pods_Uncrowdify.framework */ = {isa = PBXFileReference; explicitFileType = wrapper.framework; includeInIndex = 0; path = Pods_Uncrowdify.framework; sourceTree = BUILT_PRODUCTS_DIR; };
		DB38161E243157F600ACF165 /* Podfile */ = {isa = PBXFileReference; fileEncoding = 4; lastKnownFileType = text; path = Podfile; sourceTree = SOURCE_ROOT; xcLanguageSpecificationIdentifier = xcode.lang.ruby; };
		DB38162024315F1C00ACF165 /* Store.swift */ = {isa = PBXFileReference; lastKnownFileType = sourcecode.swift; path = Store.swift; sourceTree = "<group>"; };
		DB38162224319A5300ACF165 /* GoogleService-Info.plist */ = {isa = PBXFileReference; fileEncoding = 4; lastKnownFileType = text.plist.xml; path = "GoogleService-Info.plist"; sourceTree = "<group>"; };
		DB3816242431A95500ACF165 /* Extensions.swift */ = {isa = PBXFileReference; lastKnownFileType = sourcecode.swift; path = Extensions.swift; sourceTree = "<group>"; };
		DB381627243206EE00ACF165 /* README.md */ = {isa = PBXFileReference; lastKnownFileType = net.daringfireball.markdown; path = README.md; sourceTree = SOURCE_ROOT; };
		DBE1BA842430673C0015ED62 /* Uncrowdify.app */ = {isa = PBXFileReference; explicitFileType = wrapper.application; includeInIndex = 0; path = Uncrowdify.app; sourceTree = BUILT_PRODUCTS_DIR; };
		DBE1BA872430673C0015ED62 /* AppDelegate.swift */ = {isa = PBXFileReference; lastKnownFileType = sourcecode.swift; path = AppDelegate.swift; sourceTree = "<group>"; };
		DBE1BA892430673C0015ED62 /* SceneDelegate.swift */ = {isa = PBXFileReference; lastKnownFileType = sourcecode.swift; path = SceneDelegate.swift; sourceTree = "<group>"; };
		DBE1BA902430673C0015ED62 /* Base */ = {isa = PBXFileReference; lastKnownFileType = file.storyboard; name = Base; path = Base.lproj/Main.storyboard; sourceTree = "<group>"; };
		DBE1BA92243067450015ED62 /* Assets.xcassets */ = {isa = PBXFileReference; lastKnownFileType = folder.assetcatalog; path = Assets.xcassets; sourceTree = "<group>"; };
		DBE1BA95243067450015ED62 /* Base */ = {isa = PBXFileReference; lastKnownFileType = file.storyboard; name = Base; path = Base.lproj/LaunchScreen.storyboard; sourceTree = "<group>"; };
		DBE1BA97243067450015ED62 /* Info.plist */ = {isa = PBXFileReference; lastKnownFileType = text.plist.xml; path = Info.plist; sourceTree = "<group>"; };
		DBE1BA9D2431526F0015ED62 /* StoresViewController.swift */ = {isa = PBXFileReference; lastKnownFileType = sourcecode.swift; path = StoresViewController.swift; sourceTree = "<group>"; };
		E1D15F7E9ADA54C4F3FC20F6 /* Pods-Uncrowdify.debug.xcconfig */ = {isa = PBXFileReference; includeInIndex = 1; lastKnownFileType = text.xcconfig; name = "Pods-Uncrowdify.debug.xcconfig"; path = "Target Support Files/Pods-Uncrowdify/Pods-Uncrowdify.debug.xcconfig"; sourceTree = "<group>"; };
/* End PBXFileReference section */

/* Begin PBXFrameworksBuildPhase section */
		DBE1BA812430673C0015ED62 /* Frameworks */ = {
			isa = PBXFrameworksBuildPhase;
			buildActionMask = 2147483647;
			files = (
				1DD1F91DD10378B248DB31D1 /* Pods_Uncrowdify.framework in Frameworks */,
			);
			runOnlyForDeploymentPostprocessing = 0;
		};
/* End PBXFrameworksBuildPhase section */

/* Begin PBXGroup section */
		2060A73E8BC37D295C6183A6 /* Pods */ = {
			isa = PBXGroup;
			children = (
				E1D15F7E9ADA54C4F3FC20F6 /* Pods-Uncrowdify.debug.xcconfig */,
				685F46114A8A5C89F66CB21F /* Pods-Uncrowdify.release.xcconfig */,
			);
			path = Pods;
			sourceTree = "<group>";
		};
		2B4DB51C0391893FB5593664 /* Frameworks */ = {
			isa = PBXGroup;
			children = (
				B77303F3E08C2882785FF16C /* Pods_Uncrowdify.framework */,
			);
			name = Frameworks;
			sourceTree = "<group>";
		};
		DBE1BA7B2430673C0015ED62 = {
			isa = PBXGroup;
			children = (
				DBE1BA862430673C0015ED62 /* Uncrowdify */,
				DBE1BA852430673C0015ED62 /* Products */,
				2060A73E8BC37D295C6183A6 /* Pods */,
				2B4DB51C0391893FB5593664 /* Frameworks */,
			);
			sourceTree = "<group>";
		};
		DBE1BA852430673C0015ED62 /* Products */ = {
			isa = PBXGroup;
			children = (
				DBE1BA842430673C0015ED62 /* Uncrowdify.app */,
			);
			name = Products;
			sourceTree = "<group>";
		};
		DBE1BA862430673C0015ED62 /* Uncrowdify */ = {
			isa = PBXGroup;
			children = (
				DB38161E243157F600ACF165 /* Podfile */,
				DB381627243206EE00ACF165 /* README.md */,
				DBE1BA9D2431526F0015ED62 /* StoresViewController.swift */,
				DB38162024315F1C00ACF165 /* Store.swift */,
				DB3816242431A95500ACF165 /* Extensions.swift */,
				DBE1BA8F2430673C0015ED62 /* Main.storyboard */,
				DBE1BA872430673C0015ED62 /* AppDelegate.swift */,
				DBE1BA892430673C0015ED62 /* SceneDelegate.swift */,
				DBE1BA92243067450015ED62 /* Assets.xcassets */,
				DBE1BA94243067450015ED62 /* LaunchScreen.storyboard */,
				DBE1BA97243067450015ED62 /* Info.plist */,
				DB38162224319A5300ACF165 /* GoogleService-Info.plist */,
			);
			path = Uncrowdify;
			sourceTree = "<group>";
		};
/* End PBXGroup section */

/* Begin PBXNativeTarget section */
		DBE1BA832430673C0015ED62 /* Uncrowdify */ = {
			isa = PBXNativeTarget;
			buildConfigurationList = DBE1BA9A243067450015ED62 /* Build configuration list for PBXNativeTarget "Uncrowdify" */;
			buildPhases = (
				957D6F5B02AE9B23ADC8D404 /* [CP] Check Pods Manifest.lock */,
				DBE1BA802430673C0015ED62 /* Sources */,
				DBE1BA812430673C0015ED62 /* Frameworks */,
				DBE1BA822430673C0015ED62 /* Resources */,
				5DB127CEA77FD65B25BEA460 /* [CP] Embed Pods Frameworks */,
				F6636D598FED95557174EB5E /* [CP] Copy Pods Resources */,
			);
			buildRules = (
			);
			dependencies = (
			);
			name = Uncrowdify;
			productName = Uncrowdify;
			productReference = DBE1BA842430673C0015ED62 /* Uncrowdify.app */;
			productType = "com.apple.product-type.application";
		};
/* End PBXNativeTarget section */

/* Begin PBXProject section */
		DBE1BA7C2430673C0015ED62 /* Project object */ = {
			isa = PBXProject;
			attributes = {
				LastSwiftUpdateCheck = 1140;
				LastUpgradeCheck = 1140;
				ORGANIZATIONNAME = "Obsessive Coders, Inc.";
				TargetAttributes = {
					DBE1BA832430673C0015ED62 = {
						CreatedOnToolsVersion = 11.4;
					};
				};
			};
			buildConfigurationList = DBE1BA7F2430673C0015ED62 /* Build configuration list for PBXProject "Uncrowdify" */;
			compatibilityVersion = "Xcode 9.3";
			developmentRegion = en;
			hasScannedForEncodings = 0;
			knownRegions = (
				en,
				Base,
			);
			mainGroup = DBE1BA7B2430673C0015ED62;
			productRefGroup = DBE1BA852430673C0015ED62 /* Products */;
			projectDirPath = "";
			projectRoot = "";
			targets = (
				DBE1BA832430673C0015ED62 /* Uncrowdify */,
			);
		};
/* End PBXProject section */

/* Begin PBXResourcesBuildPhase section */
		DBE1BA822430673C0015ED62 /* Resources */ = {
			isa = PBXResourcesBuildPhase;
			buildActionMask = 2147483647;
			files = (
				DBE1BA96243067450015ED62 /* LaunchScreen.storyboard in Resources */,
				DBE1BA93243067450015ED62 /* Assets.xcassets in Resources */,
				DB38162324319A5400ACF165 /* GoogleService-Info.plist in Resources */,
				DB38161F243157F600ACF165 /* Podfile in Resources */,
				DBE1BA912430673C0015ED62 /* Main.storyboard in Resources */,
			);
			runOnlyForDeploymentPostprocessing = 0;
		};
/* End PBXResourcesBuildPhase section */

/* Begin PBXShellScriptBuildPhase section */
		5DB127CEA77FD65B25BEA460 /* [CP] Embed Pods Frameworks */ = {
			isa = PBXShellScriptBuildPhase;
			buildActionMask = 2147483647;
			files = (
			);
			inputFileListPaths = (
				"${PODS_ROOT}/Target Support Files/Pods-Uncrowdify/Pods-Uncrowdify-frameworks-${CONFIGURATION}-input-files.xcfilelist",
			);
			name = "[CP] Embed Pods Frameworks";
			outputFileListPaths = (
				"${PODS_ROOT}/Target Support Files/Pods-Uncrowdify/Pods-Uncrowdify-frameworks-${CONFIGURATION}-output-files.xcfilelist",
			);
			runOnlyForDeploymentPostprocessing = 0;
			shellPath = /bin/sh;
			shellScript = "\"${PODS_ROOT}/Target Support Files/Pods-Uncrowdify/Pods-Uncrowdify-frameworks.sh\"\n";
			showEnvVarsInLog = 0;
		};
		957D6F5B02AE9B23ADC8D404 /* [CP] Check Pods Manifest.lock */ = {
			isa = PBXShellScriptBuildPhase;
			buildActionMask = 2147483647;
			files = (
			);
			inputFileListPaths = (
			);
			inputPaths = (
				"${PODS_PODFILE_DIR_PATH}/Podfile.lock",
				"${PODS_ROOT}/Manifest.lock",
			);
			name = "[CP] Check Pods Manifest.lock";
			outputFileListPaths = (
			);
			outputPaths = (
				"$(DERIVED_FILE_DIR)/Pods-Uncrowdify-checkManifestLockResult.txt",
			);
			runOnlyForDeploymentPostprocessing = 0;
			shellPath = /bin/sh;
			shellScript = "diff \"${PODS_PODFILE_DIR_PATH}/Podfile.lock\" \"${PODS_ROOT}/Manifest.lock\" > /dev/null\nif [ $? != 0 ] ; then\n    # print error to STDERR\n    echo \"error: The sandbox is not in sync with the Podfile.lock. Run 'pod install' or update your CocoaPods installation.\" >&2\n    exit 1\nfi\n# This output is used by Xcode 'outputs' to avoid re-running this script phase.\necho \"SUCCESS\" > \"${SCRIPT_OUTPUT_FILE_0}\"\n";
			showEnvVarsInLog = 0;
		};
		F6636D598FED95557174EB5E /* [CP] Copy Pods Resources */ = {
			isa = PBXShellScriptBuildPhase;
			buildActionMask = 2147483647;
			files = (
			);
			inputFileListPaths = (
				"${PODS_ROOT}/Target Support Files/Pods-Uncrowdify/Pods-Uncrowdify-resources-${CONFIGURATION}-input-files.xcfilelist",
			);
			name = "[CP] Copy Pods Resources";
			outputFileListPaths = (
				"${PODS_ROOT}/Target Support Files/Pods-Uncrowdify/Pods-Uncrowdify-resources-${CONFIGURATION}-output-files.xcfilelist",
			);
			runOnlyForDeploymentPostprocessing = 0;
			shellPath = /bin/sh;
			shellScript = "\"${PODS_ROOT}/Target Support Files/Pods-Uncrowdify/Pods-Uncrowdify-resources.sh\"\n";
			showEnvVarsInLog = 0;
		};
/* End PBXShellScriptBuildPhase section */

/* Begin PBXSourcesBuildPhase section */
		DBE1BA802430673C0015ED62 /* Sources */ = {
			isa = PBXSourcesBuildPhase;
			buildActionMask = 2147483647;
			files = (
				DB3816252431A95500ACF165 /* Extensions.swift in Sources */,
				DBE1BA882430673C0015ED62 /* AppDelegate.swift in Sources */,
				DBE1BA8A2430673C0015ED62 /* SceneDelegate.swift in Sources */,
				DBE1BA9E2431526F0015ED62 /* StoresViewController.swift in Sources */,
				DB38162124315F1C00ACF165 /* Store.swift in Sources */,
			);
			runOnlyForDeploymentPostprocessing = 0;
		};
/* End PBXSourcesBuildPhase section */

/* Begin PBXVariantGroup section */
		DBE1BA8F2430673C0015ED62 /* Main.storyboard */ = {
			isa = PBXVariantGroup;
			children = (
				DBE1BA902430673C0015ED62 /* Base */,
			);
			name = Main.storyboard;
			sourceTree = "<group>";
		};
		DBE1BA94243067450015ED62 /* LaunchScreen.storyboard */ = {
			isa = PBXVariantGroup;
			children = (
				DBE1BA95243067450015ED62 /* Base */,
			);
			name = LaunchScreen.storyboard;
			sourceTree = "<group>";
		};
/* End PBXVariantGroup section */

/* Begin XCBuildConfiguration section */
		DBE1BA98243067450015ED62 /* Debug */ = {
			isa = XCBuildConfiguration;
			buildSettings = {
				ALWAYS_SEARCH_USER_PATHS = NO;
				CLANG_ANALYZER_NONNULL = YES;
				CLANG_ANALYZER_NUMBER_OBJECT_CONVERSION = YES_AGGRESSIVE;
				CLANG_CXX_LANGUAGE_STANDARD = "gnu++14";
				CLANG_CXX_LIBRARY = "libc++";
				CLANG_ENABLE_MODULES = YES;
				CLANG_ENABLE_OBJC_ARC = YES;
				CLANG_ENABLE_OBJC_WEAK = YES;
				CLANG_WARN_BLOCK_CAPTURE_AUTORELEASING = YES;
				CLANG_WARN_BOOL_CONVERSION = YES;
				CLANG_WARN_COMMA = YES;
				CLANG_WARN_CONSTANT_CONVERSION = YES;
				CLANG_WARN_DEPRECATED_OBJC_IMPLEMENTATIONS = YES;
				CLANG_WARN_DIRECT_OBJC_ISA_USAGE = YES_ERROR;
				CLANG_WARN_DOCUMENTATION_COMMENTS = YES;
				CLANG_WARN_EMPTY_BODY = YES;
				CLANG_WARN_ENUM_CONVERSION = YES;
				CLANG_WARN_INFINITE_RECURSION = YES;
				CLANG_WARN_INT_CONVERSION = YES;
				CLANG_WARN_NON_LITERAL_NULL_CONVERSION = YES;
				CLANG_WARN_OBJC_IMPLICIT_RETAIN_SELF = YES;
				CLANG_WARN_OBJC_LITERAL_CONVERSION = YES;
				CLANG_WARN_OBJC_ROOT_CLASS = YES_ERROR;
				CLANG_WARN_RANGE_LOOP_ANALYSIS = YES;
				CLANG_WARN_STRICT_PROTOTYPES = YES;
				CLANG_WARN_SUSPICIOUS_MOVE = YES;
				CLANG_WARN_UNGUARDED_AVAILABILITY = YES_AGGRESSIVE;
				CLANG_WARN_UNREACHABLE_CODE = YES;
				CLANG_WARN__DUPLICATE_METHOD_MATCH = YES;
				COPY_PHASE_STRIP = NO;
				DEBUG_INFORMATION_FORMAT = dwarf;
				ENABLE_STRICT_OBJC_MSGSEND = YES;
				ENABLE_TESTABILITY = YES;
				GCC_C_LANGUAGE_STANDARD = gnu11;
				GCC_DYNAMIC_NO_PIC = NO;
				GCC_NO_COMMON_BLOCKS = YES;
				GCC_OPTIMIZATION_LEVEL = 0;
				GCC_PREPROCESSOR_DEFINITIONS = (
					"DEBUG=1",
					"$(inherited)",
				);
				GCC_WARN_64_TO_32_BIT_CONVERSION = YES;
				GCC_WARN_ABOUT_RETURN_TYPE = YES_ERROR;
				GCC_WARN_UNDECLARED_SELECTOR = YES;
				GCC_WARN_UNINITIALIZED_AUTOS = YES_AGGRESSIVE;
				GCC_WARN_UNUSED_FUNCTION = YES;
				GCC_WARN_UNUSED_VARIABLE = YES;
				IPHONEOS_DEPLOYMENT_TARGET = 13.4;
				MTL_ENABLE_DEBUG_INFO = INCLUDE_SOURCE;
				MTL_FAST_MATH = YES;
				ONLY_ACTIVE_ARCH = YES;
				SDKROOT = iphoneos;
				SWIFT_ACTIVE_COMPILATION_CONDITIONS = DEBUG;
				SWIFT_OPTIMIZATION_LEVEL = "-Onone";
			};
			name = Debug;
		};
		DBE1BA99243067450015ED62 /* Release */ = {
			isa = XCBuildConfiguration;
			buildSettings = {
				ALWAYS_SEARCH_USER_PATHS = NO;
				CLANG_ANALYZER_NONNULL = YES;
				CLANG_ANALYZER_NUMBER_OBJECT_CONVERSION = YES_AGGRESSIVE;
				CLANG_CXX_LANGUAGE_STANDARD = "gnu++14";
				CLANG_CXX_LIBRARY = "libc++";
				CLANG_ENABLE_MODULES = YES;
				CLANG_ENABLE_OBJC_ARC = YES;
				CLANG_ENABLE_OBJC_WEAK = YES;
				CLANG_WARN_BLOCK_CAPTURE_AUTORELEASING = YES;
				CLANG_WARN_BOOL_CONVERSION = YES;
				CLANG_WARN_COMMA = YES;
				CLANG_WARN_CONSTANT_CONVERSION = YES;
				CLANG_WARN_DEPRECATED_OBJC_IMPLEMENTATIONS = YES;
				CLANG_WARN_DIRECT_OBJC_ISA_USAGE = YES_ERROR;
				CLANG_WARN_DOCUMENTATION_COMMENTS = YES;
				CLANG_WARN_EMPTY_BODY = YES;
				CLANG_WARN_ENUM_CONVERSION = YES;
				CLANG_WARN_INFINITE_RECURSION = YES;
				CLANG_WARN_INT_CONVERSION = YES;
				CLANG_WARN_NON_LITERAL_NULL_CONVERSION = YES;
				CLANG_WARN_OBJC_IMPLICIT_RETAIN_SELF = YES;
				CLANG_WARN_OBJC_LITERAL_CONVERSION = YES;
				CLANG_WARN_OBJC_ROOT_CLASS = YES_ERROR;
				CLANG_WARN_RANGE_LOOP_ANALYSIS = YES;
				CLANG_WARN_STRICT_PROTOTYPES = YES;
				CLANG_WARN_SUSPICIOUS_MOVE = YES;
				CLANG_WARN_UNGUARDED_AVAILABILITY = YES_AGGRESSIVE;
				CLANG_WARN_UNREACHABLE_CODE = YES;
				CLANG_WARN__DUPLICATE_METHOD_MATCH = YES;
				COPY_PHASE_STRIP = NO;
				DEBUG_INFORMATION_FORMAT = "dwarf-with-dsym";
				ENABLE_NS_ASSERTIONS = NO;
				ENABLE_STRICT_OBJC_MSGSEND = YES;
				GCC_C_LANGUAGE_STANDARD = gnu11;
				GCC_NO_COMMON_BLOCKS = YES;
				GCC_WARN_64_TO_32_BIT_CONVERSION = YES;
				GCC_WARN_ABOUT_RETURN_TYPE = YES_ERROR;
				GCC_WARN_UNDECLARED_SELECTOR = YES;
				GCC_WARN_UNINITIALIZED_AUTOS = YES_AGGRESSIVE;
				GCC_WARN_UNUSED_FUNCTION = YES;
				GCC_WARN_UNUSED_VARIABLE = YES;
				IPHONEOS_DEPLOYMENT_TARGET = 13.4;
				MTL_ENABLE_DEBUG_INFO = NO;
				MTL_FAST_MATH = YES;
				SDKROOT = iphoneos;
				SWIFT_COMPILATION_MODE = wholemodule;
				SWIFT_OPTIMIZATION_LEVEL = "-O";
				VALIDATE_PRODUCT = YES;
			};
			name = Release;
		};
		DBE1BA9B243067450015ED62 /* Debug */ = {
			isa = XCBuildConfiguration;
			baseConfigurationReference = E1D15F7E9ADA54C4F3FC20F6 /* Pods-Uncrowdify.debug.xcconfig */;
			buildSettings = {
				ASSETCATALOG_COMPILER_APPICON_NAME = AppIcon;
				CODE_SIGN_STYLE = Automatic;
				DEVELOPMENT_TEAM = F4MG56JFZU;
				INFOPLIST_FILE = Uncrowdify/Info.plist;
				LD_RUNPATH_SEARCH_PATHS = (
					"$(inherited)",
					"@executable_path/Frameworks",
				);
				PRODUCT_BUNDLE_IDENTIFIER = com.uncrowdify.Uncrowdify;
				PRODUCT_NAME = "$(TARGET_NAME)";
				SWIFT_VERSION = 5.0;
				TARGETED_DEVICE_FAMILY = 1;
			};
			name = Debug;
		};
		DBE1BA9C243067450015ED62 /* Release */ = {
			isa = XCBuildConfiguration;
			baseConfigurationReference = 685F46114A8A5C89F66CB21F /* Pods-Uncrowdify.release.xcconfig */;
			buildSettings = {
				ASSETCATALOG_COMPILER_APPICON_NAME = AppIcon;
				CODE_SIGN_STYLE = Automatic;
				DEVELOPMENT_TEAM = F4MG56JFZU;
				INFOPLIST_FILE = Uncrowdify/Info.plist;
				LD_RUNPATH_SEARCH_PATHS = (
					"$(inherited)",
					"@executable_path/Frameworks",
				);
				PRODUCT_BUNDLE_IDENTIFIER = com.uncrowdify.Uncrowdify;
				PRODUCT_NAME = "$(TARGET_NAME)";
				SWIFT_VERSION = 5.0;
				TARGETED_DEVICE_FAMILY = 1;
			};
			name = Release;
		};
/* End XCBuildConfiguration section */

/* Begin XCConfigurationList section */
		DBE1BA7F2430673C0015ED62 /* Build configuration list for PBXProject "Uncrowdify" */ = {
			isa = XCConfigurationList;
			buildConfigurations = (
				DBE1BA98243067450015ED62 /* Debug */,
				DBE1BA99243067450015ED62 /* Release */,
			);
			defaultConfigurationIsVisible = 0;
			defaultConfigurationName = Release;
		};
		DBE1BA9A243067450015ED62 /* Build configuration list for PBXNativeTarget "Uncrowdify" */ = {
			isa = XCConfigurationList;
			buildConfigurations = (
				DBE1BA9B243067450015ED62 /* Debug */,
				DBE1BA9C243067450015ED62 /* Release */,
			);
			defaultConfigurationIsVisible = 0;
			defaultConfigurationName = Release;
		};
/* End XCConfigurationList section */
	};
	rootObject = DBE1BA7C2430673C0015ED62 /* Project object */;
}
